// !$*UTF8*$!
{
	archiveVersion = 1;
	classes = {
	};
	objectVersion = 46;
	objects = {

/* Begin PBXBuildFile section */
		E70C602A1C0CEF60005515BE /* SFFocusViewLayout.h in Headers */ = {isa = PBXBuildFile; fileRef = E70C60291C0CEF60005515BE /* SFFocusViewLayout.h */; settings = {ATTRIBUTES = (Public, ); }; };
		E70C60321C0D0478005515BE /* SFFocusViewLayout.m in Sources */ = {isa = PBXBuildFile; fileRef = E70C60311C0D0478005515BE /* SFFocusViewLayout.m */; };
		E78776321C1C82C50035201D /* SFCollectionViewController.m in Sources */ = {isa = PBXBuildFile; fileRef = E78776311C1C82C50035201D /* SFCollectionViewController.m */; };
		E7D94EFB1C0E5AF00031B7BA /* Tests.m in Sources */ = {isa = PBXBuildFile; fileRef = E7D94EFA1C0E5AF00031B7BA /* Tests.m */; };
		E7D94EFD1C0E5AF00031B7BA /* SFFocusViewLayout.framework in Frameworks */ = {isa = PBXBuildFile; fileRef = E70C60261C0CEF60005515BE /* SFFocusViewLayout.framework */; };
/* End PBXBuildFile section */

/* Begin PBXContainerItemProxy section */
		E7D94EFE1C0E5AF00031B7BA /* PBXContainerItemProxy */ = {
			isa = PBXContainerItemProxy;
			containerPortal = E70C601D1C0CEF60005515BE /* Project object */;
			proxyType = 1;
			remoteGlobalIDString = E70C60251C0CEF60005515BE;
			remoteInfo = SFFocusViewLayout;
		};
/* End PBXContainerItemProxy section */

/* Begin PBXFileReference section */
		E70C60261C0CEF60005515BE /* SFFocusViewLayout.framework */ = {isa = PBXFileReference; explicitFileType = wrapper.framework; includeInIndex = 0; path = SFFocusViewLayout.framework; sourceTree = BUILT_PRODUCTS_DIR; };
		E70C60291C0CEF60005515BE /* SFFocusViewLayout.h */ = {isa = PBXFileReference; lastKnownFileType = sourcecode.c.h; path = SFFocusViewLayout.h; sourceTree = "<group>"; };
		E70C602B1C0CEF60005515BE /* Info.plist */ = {isa = PBXFileReference; lastKnownFileType = text.plist.xml; path = Info.plist; sourceTree = "<group>"; };
		E70C60311C0D0478005515BE /* SFFocusViewLayout.m */ = {isa = PBXFileReference; fileEncoding = 4; lastKnownFileType = sourcecode.c.objc; path = SFFocusViewLayout.m; sourceTree = "<group>"; };
		E78776301C1C82C50035201D /* SFCollectionViewController.h */ = {isa = PBXFileReference; fileEncoding = 4; lastKnownFileType = sourcecode.c.h; path = SFCollectionViewController.h; sourceTree = "<group>"; };
		E78776311C1C82C50035201D /* SFCollectionViewController.m */ = {isa = PBXFileReference; fileEncoding = 4; lastKnownFileType = sourcecode.c.objc; path = SFCollectionViewController.m; sourceTree = "<group>"; };
		E78776331C1C8A1C0035201D /* SFFocusViewLayout+Private.h */ = {isa = PBXFileReference; fileEncoding = 4; lastKnownFileType = sourcecode.c.h; path = "SFFocusViewLayout+Private.h"; sourceTree = "<group>"; };
		E7D94EF81C0E5AF00031B7BA /* Tests.xctest */ = {isa = PBXFileReference; explicitFileType = wrapper.cfbundle; includeInIndex = 0; path = Tests.xctest; sourceTree = BUILT_PRODUCTS_DIR; };
		E7D94EFA1C0E5AF00031B7BA /* Tests.m */ = {isa = PBXFileReference; lastKnownFileType = sourcecode.c.objc; path = Tests.m; sourceTree = "<group>"; };
		E7D94EFC1C0E5AF00031B7BA /* Info.plist */ = {isa = PBXFileReference; lastKnownFileType = text.plist.xml; path = Info.plist; sourceTree = "<group>"; };
/* End PBXFileReference section */

/* Begin PBXFrameworksBuildPhase section */
		E70C60221C0CEF60005515BE /* Frameworks */ = {
			isa = PBXFrameworksBuildPhase;
			buildActionMask = 2147483647;
			files = (
			);
			runOnlyForDeploymentPostprocessing = 0;
		};
		E7D94EF51C0E5AF00031B7BA /* Frameworks */ = {
			isa = PBXFrameworksBuildPhase;
			buildActionMask = 2147483647;
			files = (
				E7D94EFD1C0E5AF00031B7BA /* SFFocusViewLayout.framework in Frameworks */,
			);
			runOnlyForDeploymentPostprocessing = 0;
		};
/* End PBXFrameworksBuildPhase section */

/* Begin PBXGroup section */
		E70C601C1C0CEF60005515BE = {
			isa = PBXGroup;
			children = (
				E70C60281C0CEF60005515BE /* SFFocusViewLayout */,
				E7D94EF91C0E5AF00031B7BA /* Tests */,
				E70C60271C0CEF60005515BE /* Products */,
			);
			sourceTree = "<group>";
		};
		E70C60271C0CEF60005515BE /* Products */ = {
			isa = PBXGroup;
			children = (
				E70C60261C0CEF60005515BE /* SFFocusViewLayout.framework */,
				E7D94EF81C0E5AF00031B7BA /* Tests.xctest */,
			);
			name = Products;
			sourceTree = "<group>";
		};
		E70C60281C0CEF60005515BE /* SFFocusViewLayout */ = {
			isa = PBXGroup;
			children = (
				E70C602B1C0CEF60005515BE /* Info.plist */,
				E70C60291C0CEF60005515BE /* SFFocusViewLayout.h */,
				E70C60311C0D0478005515BE /* SFFocusViewLayout.m */,
			);
			name = SFFocusViewLayout;
			path = Classes;
			sourceTree = "<group>";
		};
		E7D94EF91C0E5AF00031B7BA /* Tests */ = {
			isa = PBXGroup;
			children = (
				E7D94EFA1C0E5AF00031B7BA /* Tests.m */,
				E78776301C1C82C50035201D /* SFCollectionViewController.h */,
				E78776311C1C82C50035201D /* SFCollectionViewController.m */,
				E78776331C1C8A1C0035201D /* SFFocusViewLayout+Private.h */,
				E7D94EFC1C0E5AF00031B7BA /* Info.plist */,
			);
			path = Tests;
			sourceTree = "<group>";
		};
/* End PBXGroup section */

/* Begin PBXHeadersBuildPhase section */
		E70C60231C0CEF60005515BE /* Headers */ = {
			isa = PBXHeadersBuildPhase;
			buildActionMask = 2147483647;
			files = (
				E70C602A1C0CEF60005515BE /* SFFocusViewLayout.h in Headers */,
			);
			runOnlyForDeploymentPostprocessing = 0;
		};
/* End PBXHeadersBuildPhase section */

/* Begin PBXNativeTarget section */
		E70C60251C0CEF60005515BE /* SFFocusViewLayout */ = {
			isa = PBXNativeTarget;
			buildConfigurationList = E70C602E1C0CEF60005515BE /* Build configuration list for PBXNativeTarget "SFFocusViewLayout" */;
			buildPhases = (
				E70C60211C0CEF60005515BE /* Sources */,
				E70C60221C0CEF60005515BE /* Frameworks */,
				E70C60231C0CEF60005515BE /* Headers */,
				E70C60241C0CEF60005515BE /* Resources */,
			);
			buildRules = (
			);
			dependencies = (
			);
			name = SFFocusViewLayout;
			productName = SFFocusViewLayout;
			productReference = E70C60261C0CEF60005515BE /* SFFocusViewLayout.framework */;
			productType = "com.apple.product-type.framework";
		};
		E7D94EF71C0E5AF00031B7BA /* Tests */ = {
			isa = PBXNativeTarget;
			buildConfigurationList = E7D94F021C0E5AF00031B7BA /* Build configuration list for PBXNativeTarget "Tests" */;
			buildPhases = (
				E7D94EF41C0E5AF00031B7BA /* Sources */,
				E7D94EF51C0E5AF00031B7BA /* Frameworks */,
				E7D94EF61C0E5AF00031B7BA /* Resources */,
			);
			buildRules = (
			);
			dependencies = (
				E7D94EFF1C0E5AF00031B7BA /* PBXTargetDependency */,
			);
			name = Tests;
			productName = Tests;
			productReference = E7D94EF81C0E5AF00031B7BA /* Tests.xctest */;
			productType = "com.apple.product-type.bundle.unit-test";
		};
/* End PBXNativeTarget section */

/* Begin PBXProject section */
		E70C601D1C0CEF60005515BE /* Project object */ = {
			isa = PBXProject;
			attributes = {
				LastSwiftUpdateCheck = 0720;
				LastUpgradeCheck = 0710;
				ORGANIZATIONNAME = fdzsergio;
				TargetAttributes = {
					E70C60251C0CEF60005515BE = {
						CreatedOnToolsVersion = 7.1.1;
					};
					E7D94EF71C0E5AF00031B7BA = {
						CreatedOnToolsVersion = 7.1.1;
					};
				};
			};
			buildConfigurationList = E70C60201C0CEF60005515BE /* Build configuration list for PBXProject "SFFocusViewLayout" */;
			compatibilityVersion = "Xcode 3.2";
			developmentRegion = English;
			hasScannedForEncodings = 0;
			knownRegions = (
				en,
				Base,
			);
			mainGroup = E70C601C1C0CEF60005515BE;
			productRefGroup = E70C60271C0CEF60005515BE /* Products */;
			projectDirPath = "";
			projectRoot = "";
			targets = (
				E70C60251C0CEF60005515BE /* SFFocusViewLayout */,
				E7D94EF71C0E5AF00031B7BA /* Tests */,
			);
		};
/* End PBXProject section */

/* Begin PBXResourcesBuildPhase section */
		E70C60241C0CEF60005515BE /* Resources */ = {
			isa = PBXResourcesBuildPhase;
			buildActionMask = 2147483647;
			files = (
			);
			runOnlyForDeploymentPostprocessing = 0;
		};
		E7D94EF61C0E5AF00031B7BA /* Resources */ = {
			isa = PBXResourcesBuildPhase;
			buildActionMask = 2147483647;
			files = (
			);
			runOnlyForDeploymentPostprocessing = 0;
		};
/* End PBXResourcesBuildPhase section */

/* Begin PBXSourcesBuildPhase section */
		E70C60211C0CEF60005515BE /* Sources */ = {
			isa = PBXSourcesBuildPhase;
			buildActionMask = 2147483647;
			files = (
				E70C60321C0D0478005515BE /* SFFocusViewLayout.m in Sources */,
			);
			runOnlyForDeploymentPostprocessing = 0;
		};
		E7D94EF41C0E5AF00031B7BA /* Sources */ = {
			isa = PBXSourcesBuildPhase;
			buildActionMask = 2147483647;
			files = (
				E7D94EFB1C0E5AF00031B7BA /* Tests.m in Sources */,
				E78776321C1C82C50035201D /* SFCollectionViewController.m in Sources */,
			);
			runOnlyForDeploymentPostprocessing = 0;
		};
/* End PBXSourcesBuildPhase section */

/* Begin PBXTargetDependency section */
		E7D94EFF1C0E5AF00031B7BA /* PBXTargetDependency */ = {
			isa = PBXTargetDependency;
			target = E70C60251C0CEF60005515BE /* SFFocusViewLayout */;
			targetProxy = E7D94EFE1C0E5AF00031B7BA /* PBXContainerItemProxy */;
		};
/* End PBXTargetDependency section */

/* Begin XCBuildConfiguration section */
		E70C602C1C0CEF60005515BE /* Debug */ = {
			isa = XCBuildConfiguration;
			buildSettings = {
				ALWAYS_SEARCH_USER_PATHS = NO;
				CLANG_CXX_LANGUAGE_STANDARD = "gnu++0x";
				CLANG_CXX_LIBRARY = "libc++";
				CLANG_ENABLE_MODULES = YES;
				CLANG_ENABLE_OBJC_ARC = YES;
				CLANG_WARN_BOOL_CONVERSION = YES;
				CLANG_WARN_CONSTANT_CONVERSION = YES;
				CLANG_WARN_DIRECT_OBJC_ISA_USAGE = YES_ERROR;
				CLANG_WARN_EMPTY_BODY = YES;
				CLANG_WARN_ENUM_CONVERSION = YES;
				CLANG_WARN_INT_CONVERSION = YES;
				CLANG_WARN_OBJC_ROOT_CLASS = YES_ERROR;
				CLANG_WARN_UNREACHABLE_CODE = YES;
				CLANG_WARN__DUPLICATE_METHOD_MATCH = YES;
				"CODE_SIGN_IDENTITY[sdk=iphoneos*]" = "iPhone Developer";
				COPY_PHASE_STRIP = NO;
				CURRENT_PROJECT_VERSION = 1;
				DEBUG_INFORMATION_FORMAT = dwarf;
				ENABLE_STRICT_OBJC_MSGSEND = YES;
				ENABLE_TESTABILITY = YES;
				GCC_C_LANGUAGE_STANDARD = gnu99;
				GCC_DYNAMIC_NO_PIC = NO;
				GCC_NO_COMMON_BLOCKS = YES;
				GCC_OPTIMIZATION_LEVEL = 0;
				GCC_PREPROCESSOR_DEFINITIONS = (
					"DEBUG=1",
					"$(inherited)",
				);
				GCC_WARN_64_TO_32_BIT_CONVERSION = YES;
				GCC_WARN_ABOUT_RETURN_TYPE = YES_ERROR;
				GCC_WARN_UNDECLARED_SELECTOR = YES;
				GCC_WARN_UNINITIALIZED_AUTOS = YES_AGGRESSIVE;
				GCC_WARN_UNUSED_FUNCTION = YES;
				GCC_WARN_UNUSED_VARIABLE = YES;
				IPHONEOS_DEPLOYMENT_TARGET = 8.0;
				MTL_ENABLE_DEBUG_INFO = YES;
				ONLY_ACTIVE_ARCH = YES;
				SDKROOT = iphoneos;
				TARGETED_DEVICE_FAMILY = "1,2";
				VERSIONING_SYSTEM = "apple-generic";
				VERSION_INFO_PREFIX = "";
			};
			name = Debug;
		};
		E70C602D1C0CEF60005515BE /* Release */ = {
			isa = XCBuildConfiguration;
			buildSettings = {
				ALWAYS_SEARCH_USER_PATHS = NO;
				CLANG_CXX_LANGUAGE_STANDARD = "gnu++0x";
				CLANG_CXX_LIBRARY = "libc++";
				CLANG_ENABLE_MODULES = YES;
				CLANG_ENABLE_OBJC_ARC = YES;
				CLANG_WARN_BOOL_CONVERSION = YES;
				CLANG_WARN_CONSTANT_CONVERSION = YES;
				CLANG_WARN_DIRECT_OBJC_ISA_USAGE = YES_ERROR;
				CLANG_WARN_EMPTY_BODY = YES;
				CLANG_WARN_ENUM_CONVERSION = YES;
				CLANG_WARN_INT_CONVERSION = YES;
				CLANG_WARN_OBJC_ROOT_CLASS = YES_ERROR;
				CLANG_WARN_UNREACHABLE_CODE = YES;
				CLANG_WARN__DUPLICATE_METHOD_MATCH = YES;
				"CODE_SIGN_IDENTITY[sdk=iphoneos*]" = "iPhone Developer";
				COPY_PHASE_STRIP = NO;
				CURRENT_PROJECT_VERSION = 1;
				DEBUG_INFORMATION_FORMAT = "dwarf-with-dsym";
				ENABLE_NS_ASSERTIONS = NO;
				ENABLE_STRICT_OBJC_MSGSEND = YES;
				GCC_C_LANGUAGE_STANDARD = gnu99;
				GCC_NO_COMMON_BLOCKS = YES;
				GCC_WARN_64_TO_32_BIT_CONVERSION = YES;
				GCC_WARN_ABOUT_RETURN_TYPE = YES_ERROR;
				GCC_WARN_UNDECLARED_SELECTOR = YES;
				GCC_WARN_UNINITIALIZED_AUTOS = YES_AGGRESSIVE;
				GCC_WARN_UNUSED_FUNCTION = YES;
				GCC_WARN_UNUSED_VARIABLE = YES;
				IPHONEOS_DEPLOYMENT_TARGET = 8.0;
				MTL_ENABLE_DEBUG_INFO = NO;
				SDKROOT = iphoneos;
				TARGETED_DEVICE_FAMILY = "1,2";
				VALIDATE_PRODUCT = YES;
				VERSIONING_SYSTEM = "apple-generic";
				VERSION_INFO_PREFIX = "";
			};
			name = Release;
		};
		E70C602F1C0CEF60005515BE /* Debug */ = {
			isa = XCBuildConfiguration;
			buildSettings = {
				DEFINES_MODULE = YES;
				DYLIB_COMPATIBILITY_VERSION = 1;
				DYLIB_CURRENT_VERSION = 1;
				DYLIB_INSTALL_NAME_BASE = "@rpath";
				INFOPLIST_FILE = Classes/Info.plist;
				INSTALL_PATH = "$(LOCAL_LIBRARY_DIR)/Frameworks";
				LD_RUNPATH_SEARCH_PATHS = "$(inherited) @executable_path/Frameworks @loader_path/Frameworks";
				PRODUCT_BUNDLE_IDENTIFIER = com.fdzsergio.SFFocusViewLayout;
				PRODUCT_NAME = "$(TARGET_NAME)";
				SKIP_INSTALL = YES;
			};
			name = Debug;
		};
		E70C60301C0CEF60005515BE /* Release */ = {
			isa = XCBuildConfiguration;
			buildSettings = {
				DEFINES_MODULE = YES;
				DYLIB_COMPATIBILITY_VERSION = 1;
				DYLIB_CURRENT_VERSION = 1;
				DYLIB_INSTALL_NAME_BASE = "@rpath";
				INFOPLIST_FILE = Classes/Info.plist;
				INSTALL_PATH = "$(LOCAL_LIBRARY_DIR)/Frameworks";
				LD_RUNPATH_SEARCH_PATHS = "$(inherited) @executable_path/Frameworks @loader_path/Frameworks";
				PRODUCT_BUNDLE_IDENTIFIER = com.fdzsergio.SFFocusViewLayout;
				PRODUCT_NAME = "$(TARGET_NAME)";
				SKIP_INSTALL = YES;
			};
			name = Release;
		};
		E7D94F001C0E5AF00031B7BA /* Debug */ = {
			isa = XCBuildConfiguration;
			buildSettings = {
				CLANG_ENABLE_MODULES = YES;
				INFOPLIST_FILE = Tests/Info.plist;
				IPHONEOS_DEPLOYMENT_TARGET = 9.1;
				LD_RUNPATH_SEARCH_PATHS = "$(inherited) @executable_path/Frameworks @loader_path/Frameworks";
				PRODUCT_BUNDLE_IDENTIFIER = com.fdzsergio.Tests;
				PRODUCT_NAME = "$(TARGET_NAME)";
				SWIFT_OPTIMIZATION_LEVEL = "-Onone";
			};
			name = Debug;
		};
		E7D94F011C0E5AF00031B7BA /* Release */ = {
			isa = XCBuildConfiguration;
			buildSettings = {
				CLANG_ENABLE_MODULES = YES;
				INFOPLIST_FILE = Tests/Info.plist;
				IPHONEOS_DEPLOYMENT_TARGET = 9.1;
				LD_RUNPATH_SEARCH_PATHS = "$(inherited) @executable_path/Frameworks @loader_path/Frameworks";
				PRODUCT_BUNDLE_IDENTIFIER = com.fdzsergio.Tests;
				PRODUCT_NAME = "$(TARGET_NAME)";
			};
			name = Release;
		};
/* End XCBuildConfiguration section */

/* Begin XCConfigurationList section */
		E70C60201C0CEF60005515BE /* Build configuration list for PBXProject "SFFocusViewLayout" */ = {
			isa = XCConfigurationList;
			buildConfigurations = (
				E70C602C1C0CEF60005515BE /* Debug */,
				E70C602D1C0CEF60005515BE /* Release */,
			);
			defaultConfigurationIsVisible = 0;
			defaultConfigurationName = Release;
		};
		E70C602E1C0CEF60005515BE /* Build configuration list for PBXNativeTarget "SFFocusViewLayout" */ = {
			isa = XCConfigurationList;
			buildConfigurations = (
				E70C602F1C0CEF60005515BE /* Debug */,
				E70C60301C0CEF60005515BE /* Release */,
			);
			defaultConfigurationIsVisible = 0;
			defaultConfigurationName = Release;
		};
		E7D94F021C0E5AF00031B7BA /* Build configuration list for PBXNativeTarget "Tests" */ = {
			isa = XCConfigurationList;
			buildConfigurations = (
				E7D94F001C0E5AF00031B7BA /* Debug */,
				E7D94F011C0E5AF00031B7BA /* Release */,
			);
			defaultConfigurationIsVisible = 0;
			defaultConfigurationName = Release;
		};
/* End XCConfigurationList section */
	};
	rootObject = E70C601D1C0CEF60005515BE /* Project object */;
}
